# This file is automatically @generated by Cargo.
# It is not intended for manual editing.
version = 3

[[package]]
name = "px-alpha"
version = "0.1.0"
dependencies = [
 "px-core",
]

[[package]]
name = "px-core"
version = "0.1.0"

[[package]]
name = "px-edge"
version = "0.1.0"
dependencies = [
 "px-core",
]

[[package]]
name = "px-engine"
version = "0.1.0"
dependencies = [
 "px-alpha",
 "px-core",
 "px-edge",
 "px-inventory",
 "px-plot",
 "px-risk",
 "px-score",
 "px-selector",
]

[[package]]
name = "px-inventory"
version = "0.1.0"
dependencies = [
 "px-core",
]

[[package]]
name = "px-plot"
version = "0.1.0"
dependencies = [
 "px-core",
 "px-score",
]

[[package]]
name = "px-risk"
version = "0.1.0"
dependencies = [
 "px-core",
 "px-edge",
]

[[package]]
name = "px-score"
version = "0.1.0"
dependencies = [
 "px-core",
]

[[package]]
name = "px-selector"
version = "0.1.0"
dependencies = [
 "px-core",
 "px-edge",
 "px-inventory",
]
